{
  "name": "obfuscator",
  "version": "0.5.4",
  "lockfileVersion": 1,
  "dependencies": {
    "better-assert": {
      "version": "1.0.2",
      "resolved": "https://registry.npmjs.org/better-assert/-/better-assert-1.0.2.tgz",
      "integrity": "sha1-QIZrnhueC1W0gYlDEeaPr/rrxSI=",
      "dev": true
    },
    "callsite": {
      "version": "1.0.0",
      "resolved": "https://registry.npmjs.org/callsite/-/callsite-1.0.0.tgz",
      "integrity": "sha1-KAOY5dZkvXQDi28JBRU+borxvCA=",
      "dev": true
    },
    "cli": {
      "version": "0.4.5",
      "resolved": "https://registry.npmjs.org/cli/-/cli-0.4.5.tgz",
      "integrity": "sha1-ePlIXNFhtWbppsctcXDEJw6B22E=",
      "dev": true
    },
    "console-browserify": {
      "version": "0.1.6",
      "resolved": "https://registry.npmjs.org/console-browserify/-/console-browserify-0.1.6.tgz",
      "integrity": "sha1-0SijwLuINQ61YmxufHGm8P1ImDw=",
      "dev": true
    },
    "cookiejar": {
      "version": "1.3.0",
      "resolved": "https://registry.npmjs.org/cookiejar/-/cookiejar-1.3.0.tgz",
      "integrity": "sha1-3QCzVnkCHpnL1OhVua0EGRNHR2U=",
      "dev": true
    },
    "debug": {
      "version": "2.2.0",
      "resolved": "https://registry.npmjs.org/debug/-/debug-2.2.0.tgz",
      "integrity": "sha1-+HBX6ZWxofauaklgZkE3vFbwOdo=",
      "dev": true
    },
    "diff": {
      "version": "1.4.0",
      "resolved": "https://registry.npmjs.org/diff/-/diff-1.4.0.tgz",
      "integrity": "sha1-fyjS657nsVqX79ic5j3P2qPMur8=",
      "dev": true
    },
    "emitter-component": {
      "version": "0.0.6",
      "resolved": "https://registry.npmjs.org/emitter-component/-/emitter-component-0.0.6.tgz",
      "integrity": "sha1-wVXYL20MAbW+6FbVgHSkzFl5W8o=",
      "dev": true
    },
    "escape-string-regexp": {
      "version": "1.0.2",
      "resolved": "https://registry.npmjs.org/escape-string-regexp/-/escape-string-regexp-1.0.2.tgz",
      "integrity": "sha1-Tbwv5nTnGUnK8/smlc5/LcHZqNE=",
      "dev": true
    },
    "formidable": {
      "version": "1.0.9",
      "resolved": "https://registry.npmjs.org/formidable/-/formidable-1.0.9.tgz",
      "integrity": "sha1-QZ47zOrT6IdNU59bPnKkxQOzGpg=",
      "dev": true
    },
    "glob": {
      "version": "3.2.11",
      "resolved": "https://registry.npmjs.org/glob/-/glob-3.2.11.tgz",
      "integrity": "sha1-Spc/Y1uRkPcV0QmH1cAP0oFevj0=",
      "dev": true
    },
    "growl": {
      "version": "1.9.2",
      "resolved": "https://registry.npmjs.org/growl/-/growl-1.9.2.tgz",
      "integrity": "sha1-Dqd0NxXbjY3ixe3hd14bRayFwC8=",
      "dev": true
    },
    "inherits": {
      "version": "2.0.3",
      "resolved": "https://registry.npmjs.org/inherits/-/inherits-2.0.3.tgz",
      "integrity": "sha1-Yzwsg+PaQqUC9SRmAiSA9CCCYd4=",
      "dev": true
    },
    "jade": {
      "version": "0.26.3",
      "resolved": "https://registry.npmjs.org/jade/-/jade-0.26.3.tgz",
      "integrity": "sha1-jxDXl32NefL2/4YqgbBRPMslaGw=",
      "dev": true,
      "dependencies": {
        "commander": {
          "version": "0.6.1",
          "resolved": "https://registry.npmjs.org/commander/-/commander-0.6.1.tgz",
          "integrity": "sha1-+mihT2qUXVTbvlDYzbMyDp47GgY=",
          "dev": true
        },
        "mkdirp": {
          "version": "0.3.0",
          "resolved": "https://registry.npmjs.org/mkdirp/-/mkdirp-0.3.0.tgz",
          "integrity": "sha1-G79asbqCevI1dRQ0kEJkVfSB/h4=",
          "dev": true
        }
      }
    },
    "jshint": {
      "version": "2.0.1",
      "resolved": "https://registry.npmjs.org/jshint/-/jshint-2.0.1.tgz",
      "integrity": "sha1-sEzek5Ryr9e6Ds+YzQF1up7URaQ=",
      "dev": true
    },
    "lru-cache": {
      "version": "2.7.3",
      "resolved": "https://registry.npmjs.org/lru-cache/-/lru-cache-2.7.3.tgz",
      "integrity": "sha1-bUUk6LlV+V1PW1iFHOId1y+06VI=",
      "dev": true
    },
    "methods": {
      "version": "0.0.1",
      "resolved": "https://registry.npmjs.org/methods/-/methods-0.0.1.tgz",
      "integrity": "sha1-J3yQ+L7zlwlkWoNxxRw7bGSOBow=",
      "dev": true
    },
    "mime": {
      "version": "1.2.5",
      "resolved": "https://registry.npmjs.org/mime/-/mime-1.2.5.tgz",
      "integrity": "sha1-nu0HMCKov14WyFZsaGe4gyv7+hM=",
      "dev": true
    },
    "minimatch": {
      "version": "0.3.0",
      "resolved": "https://registry.npmjs.org/minimatch/-/minimatch-0.3.0.tgz",
      "integrity": "sha1-J12O2qxPG7MyZHIInnlJyDlGmd0=",
      "dev": true
    },
    "minimist": {
      "version": "0.0.8",
      "resolved": "https://registry.npmjs.org/minimist/-/minimist-0.0.8.tgz",
      "integrity": "sha1-hX/Kv8M5fSYluCKCYuhqp6ARsF0=",
      "dev": true
    },
    "mkdirp": {
      "version": "0.5.1",
      "resolved": "https://registry.npmjs.org/mkdirp/-/mkdirp-0.5.1.tgz",
      "integrity": "sha1-MAV0OOrGz3+MR2fzhkjWaX11yQM=",
      "dev": true
    },
    "mocha": {
      "version": "2.5.3",
      "resolved": "https://registry.npmjs.org/mocha/-/mocha-2.5.3.tgz",
      "integrity": "sha1-FhvlvetJZ3HrmzV0UFC2IrWu/Fg=",
      "dev": true,
      "dependencies": {
        "commander": {
          "version": "2.3.0",
          "resolved": "https://registry.npmjs.org/commander/-/commander-2.3.0.tgz",
          "integrity": "sha1-/UMOiJgy7DU7ms0d4hfBHLPu+HM=",
          "dev": true
        }
      }
    },
    "ms": {
      "version": "0.7.1",
      "resolved": "https://registry.npmjs.org/ms/-/ms-0.7.1.tgz",
      "integrity": "sha1-nNE8A62/8ltl7/3nzoZO6VIBcJg=",
      "dev": true
    },
    "qs": {
      "version": "0.5.2",
      "resolved": "https://registry.npmjs.org/qs/-/qs-0.5.2.tgz",
      "integrity": "sha1-5XNKy3AJ+5GOgA/VxgwvW5Sn/0M=",
      "dev": true
    },
    "shelljs": {
      "version": "0.1.4",
      "resolved": "https://registry.npmjs.org/shelljs/-/shelljs-0.1.4.tgz",
      "integrity": "sha1-37vnjVbDwBaNL7eeEOzR28sH7A4=",
      "dev": true
    },
    "should": {
      "version": "1.2.2",
      "resolved": "https://registry.npmjs.org/should/-/should-1.2.2.tgz",
      "integrity": "sha1-DwP3dQZtnqJjJpDJF7EoJPzB1YI=",
      "dev": true
    },
    "sigmund": {
      "version": "1.0.1",
      "resolved": "https://registry.npmjs.org/sigmund/-/sigmund-1.0.1.tgz",
      "integrity": "sha1-P/IfGYytIXX587eBhT/ZTQ0ZtZA=",
      "dev": true
    },
    "source-map": {
      "version": "0.5.6",
      "resolved": "https://registry.npmjs.org/source-map/-/source-map-0.5.6.tgz",
      "integrity": "sha1-dc449SvwczxafwwRjYEzSiu19BI="
    },
    "superagent": {
      "version": "0.10.0",
      "resolved": "https://registry.npmjs.org/superagent/-/superagent-0.10.0.tgz",
      "integrity": "sha1-KLu2WGWd8yf20rJe8bnUm6AiAVQ=",
      "dev": true,
      "dependencies": {
        "better-assert": {
          "version": "0.1.0",
          "resolved": "https://registry.npmjs.org/better-assert/-/better-assert-0.1.0.tgz",
          "integrity": "sha1-M7Ty8KQzb/inNEggUWAwkVJrop4=",
          "dev": true
        }
      }
    },
    "supertest": {
      "version": "0.6.1",
      "resolved": "https://registry.npmjs.org/supertest/-/supertest-0.6.1.tgz",
      "integrity": "sha1-jnyCNDZEww/suPSyOxqj8en3ro4=",
      "dev": true
    },
    "supports-color": {
      "version": "1.2.0",
      "resolved": "https://registry.npmjs.org/supports-color/-/supports-color-1.2.0.tgz",
      "integrity": "sha1-/x7R5hFp0Gs88tWI4YixjYhH4X4=",
      "dev": true
    },
    "to-iso-string": {
      "version": "0.0.2",
      "resolved": "https://registry.npmjs.org/to-iso-string/-/to-iso-string-0.0.2.tgz",
      "integrity": "sha1-TcGeZk38y+Jb2NtQiwDG2hWCVdE=",
      "dev": true
    },
    "uglify-es": {
      "version": "3.0.27",
      "resolved": "https://registry.npmjs.org/uglify-es/-/uglify-es-3.0.27.tgz",
      "integrity": "sha512-pilJpTnbfm9OhYKJJn7rwv3rtdMerqv+HLLS+Vz/3q3uYA5mE+aQYslfqyj3+fiNwoC+PQRCLyvxkkANa5zYHw==",
      "dependencies": {
        "commander": {
          "version": "2.11.0",
          "resolved": "https://registry.npmjs.org/commander/-/commander-2.11.0.tgz",
          "integrity": "sha512-b0553uYA5YAEGgyYIGYROzKQ7X5RAqedkfjiZxwi0kL1g3bOaBNNZfYkzt/CL0umgD5wc9Jec2FbB98CjkMRvQ=="
        }
      }
    },
    "underscore": {
      "version": "1.4.4",
      "resolved": "https://registry.npmjs.org/underscore/-/underscore-1.4.4.tgz",
      "integrity": "sha1-YaajIBBiKvoHljvzJSA88SI51gQ=",
      "dev": true
    }
  }
}
